
Microsoft Visual Studio Solution File, Format Version 12.00
# Visual Studio Version 17
VisualStudioVersion = 17.7.34202.233
MinimumVisualStudioVersion = 10.0.40219.1
Project("{FAE04EC0-301F-11D3-BF4B-00C04F79EFBC}") = "ZadacaWebApi_3", "ZadacaWebApi_3.csproj", "{3A215155-A1FA-4167-9895-BE80DC6B514E}"
EndProject
Global
	GlobalSection(SolutionConfigurationPlatforms) = preSolution
		Debug|Any CPU = Debug|Any CPU
		Release|Any CPU = Release|Any CPU
	EndGlobalSection
	GlobalSection(ProjectConfigurationPlatforms) = postSolution
		{3A215155-A1FA-4167-9895-BE80DC6B514E}.Debug|Any CPU.ActiveCfg = Debug|Any CPU
		{3A215155-A1FA-4167-9895-BE80DC6B514E}.Debug|Any CPU.Build.0 = Debug|Any CPU
		{3A215155-A1FA-4167-9895-BE80DC6B514E}.Release|Any CPU.ActiveCfg = Release|Any CPU
		{3A215155-A1FA-4167-9895-BE80DC6B514E}.Release|Any CPU.Build.0 = Release|Any CPU
	EndGlobalSection
	GlobalSection(SolutionProperties) = preSolution
		HideSolutionNode = FALSE
	EndGlobalSection
	GlobalSection(ExtensibilityGlobals) = postSolution
		SolutionGuid = {E3BBACFE-7902-4EED-9725-5797B8D33BC3}
	EndGlobalSection
EndGlobal
